
Microsoft Visual Studio Solution File, Format Version 12.00
# Visual Studio Version 16
VisualStudioVersion = 16.0.29318.209
MinimumVisualStudioVersion = 10.0.40219.1
Project("{9A19103F-16F7-4668-BE54-9A1E7A4F7556}") = "SUP", "SUP\SUP.csproj", "{18859C2A-7E1C-4E4C-8A6D-4EFDDC4E544B}"
EndProject
Project("{FAE04EC0-301F-11D3-BF4B-00C04F79EFBC}") = "SUP_Library", "SUP_Library\SUP_Library.csproj", "{90B6F9D5-C3F6-4B39-B112-552DF5893575}"
EndProject
Project("{FAE04EC0-301F-11D3-BF4B-00C04F79EFBC}") = "SUP-MVC", "SUP-MVC\SUP-MVC.csproj", "{B9D3535D-B0AD-43AA-8469-43EF72BEF054}"
EndProject
Global
	GlobalSection(SolutionConfigurationPlatforms) = preSolution
		Debug|Any CPU = Debug|Any CPU
		Release|Any CPU = Release|Any CPU
	EndGlobalSection
	GlobalSection(ProjectConfigurationPlatforms) = postSolution
		{18859C2A-7E1C-4E4C-8A6D-4EFDDC4E544B}.Debug|Any CPU.ActiveCfg = Debug|Any CPU
		{18859C2A-7E1C-4E4C-8A6D-4EFDDC4E544B}.Debug|Any CPU.Build.0 = Debug|Any CPU
		{18859C2A-7E1C-4E4C-8A6D-4EFDDC4E544B}.Release|Any CPU.ActiveCfg = Release|Any CPU
		{18859C2A-7E1C-4E4C-8A6D-4EFDDC4E544B}.Release|Any CPU.Build.0 = Release|Any CPU
		{90B6F9D5-C3F6-4B39-B112-552DF5893575}.Debug|Any CPU.ActiveCfg = Debug|Any CPU
		{90B6F9D5-C3F6-4B39-B112-552DF5893575}.Debug|Any CPU.Build.0 = Debug|Any CPU
		{90B6F9D5-C3F6-4B39-B112-552DF5893575}.Release|Any CPU.ActiveCfg = Release|Any CPU
		{90B6F9D5-C3F6-4B39-B112-552DF5893575}.Release|Any CPU.Build.0 = Release|Any CPU
		{B9D3535D-B0AD-43AA-8469-43EF72BEF054}.Debug|Any CPU.ActiveCfg = Debug|Any CPU
		{B9D3535D-B0AD-43AA-8469-43EF72BEF054}.Debug|Any CPU.Build.0 = Debug|Any CPU
		{B9D3535D-B0AD-43AA-8469-43EF72BEF054}.Release|Any CPU.ActiveCfg = Release|Any CPU
		{B9D3535D-B0AD-43AA-8469-43EF72BEF054}.Release|Any CPU.Build.0 = Release|Any CPU
	EndGlobalSection
	GlobalSection(SolutionProperties) = preSolution
		HideSolutionNode = FALSE
	EndGlobalSection
	GlobalSection(ExtensibilityGlobals) = postSolution
		SolutionGuid = {8F524E2B-2E07-40A4-98E7-4FD0610A7580}
	EndGlobalSection
EndGlobal
